
Microsoft Visual Studio Solution File, Format Version 12.00
# Visual Studio 15
VisualStudioVersion = 15.0.28307.960
MinimumVisualStudioVersion = 10.0.40219.1
Project("{8BC9CEB8-8B4A-11D0-8D11-00A0C91BC942}") = "ooppr", "ooppr\ooppr.vcxproj", "{37B5B5C5-4CD1-4ABF-ADE6-1B9273226E91}"
EndProject
Global
	GlobalSection(SolutionConfigurationPlatforms) = preSolution
		Debug|x64 = Debug|x64
		Debug|x86 = Debug|x86
		Release|x64 = Release|x64
		Release|x86 = Release|x86
	EndGlobalSection
	GlobalSection(ProjectConfigurationPlatforms) = postSolution
		{37B5B5C5-4CD1-4ABF-ADE6-1B9273226E91}.Debug|x64.ActiveCfg = Debug|x64
		{37B5B5C5-4CD1-4ABF-ADE6-1B9273226E91}.Debug|x64.Build.0 = Debug|x64
		{37B5B5C5-4CD1-4ABF-ADE6-1B9273226E91}.Debug|x86.ActiveCfg = Debug|Win32
		{37B5B5C5-4CD1-4ABF-ADE6-1B9273226E91}.Debug|x86.Build.0 = Debug|Win32
		{37B5B5C5-4CD1-4ABF-ADE6-1B9273226E91}.Release|x64.ActiveCfg = Release|x64
		{37B5B5C5-4CD1-4ABF-ADE6-1B9273226E91}.Release|x64.Build.0 = Release|x64
		{37B5B5C5-4CD1-4ABF-ADE6-1B9273226E91}.Release|x86.ActiveCfg = Release|Win32
		{37B5B5C5-4CD1-4ABF-ADE6-1B9273226E91}.Release|x86.Build.0 = Release|Win32
	EndGlobalSection
	GlobalSection(SolutionProperties) = preSolution
		HideSolutionNode = FALSE
	EndGlobalSection
	GlobalSection(ExtensibilityGlobals) = postSolution
		SolutionGuid = {DF14E9A7-3D3B-4752-A39C-3662CE14CDC5}
	EndGlobalSection
EndGlobal
